
Microsoft Visual Studio Solution File, Format Version 12.00
# Visual Studio Version 17
VisualStudioVersion = 17.7.34202.233
MinimumVisualStudioVersion = 10.0.40219.1
Project("{8BC9CEB8-8B4A-11D0-8D11-00A0C91BC942}") = "linked que", "linked que.vcxproj", "{7739D11A-8CCD-404F-A8EA-9B4D1A42A9FC}"
EndProject
Global
	GlobalSection(SolutionConfigurationPlatforms) = preSolution
		Debug|x64 = Debug|x64
		Debug|x86 = Debug|x86
		Release|x64 = Release|x64
		Release|x86 = Release|x86
	EndGlobalSection
	GlobalSection(ProjectConfigurationPlatforms) = postSolution
		{7739D11A-8CCD-404F-A8EA-9B4D1A42A9FC}.Debug|x64.ActiveCfg = Debug|x64
		{7739D11A-8CCD-404F-A8EA-9B4D1A42A9FC}.Debug|x64.Build.0 = Debug|x64
		{7739D11A-8CCD-404F-A8EA-9B4D1A42A9FC}.Debug|x86.ActiveCfg = Debug|Win32
		{7739D11A-8CCD-404F-A8EA-9B4D1A42A9FC}.Debug|x86.Build.0 = Debug|Win32
		{7739D11A-8CCD-404F-A8EA-9B4D1A42A9FC}.Release|x64.ActiveCfg = Release|x64
		{7739D11A-8CCD-404F-A8EA-9B4D1A42A9FC}.Release|x64.Build.0 = Release|x64
		{7739D11A-8CCD-404F-A8EA-9B4D1A42A9FC}.Release|x86.ActiveCfg = Release|Win32
		{7739D11A-8CCD-404F-A8EA-9B4D1A42A9FC}.Release|x86.Build.0 = Release|Win32
	EndGlobalSection
	GlobalSection(SolutionProperties) = preSolution
		HideSolutionNode = FALSE
	EndGlobalSection
	GlobalSection(ExtensibilityGlobals) = postSolution
		SolutionGuid = {9A90F063-CC60-45E3-92B4-9C5964D1409C}
	EndGlobalSection
EndGlobal
